
Microsoft Visual Studio Solution File, Format Version 12.00
# Visual Studio Version 17
VisualStudioVersion = 17.13.35828.75 d17.13
MinimumVisualStudioVersion = 10.0.40219.1
Project("{FAE04EC0-301F-11D3-BF4B-00C04F79EFBC}") = "WebDriverSearchTest", "WebDriverSearchTest\WebDriverSearchTest.csproj", "{55658EEF-783D-4104-9DAE-431CD7914DEC}"
EndProject
Global
	GlobalSection(SolutionConfigurationPlatforms) = preSolution
		Debug|Any CPU = Debug|Any CPU
		Release|Any CPU = Release|Any CPU
	EndGlobalSection
	GlobalSection(ProjectConfigurationPlatforms) = postSolution
		{55658EEF-783D-4104-9DAE-431CD7914DEC}.Debug|Any CPU.ActiveCfg = Debug|Any CPU
		{55658EEF-783D-4104-9DAE-431CD7914DEC}.Debug|Any CPU.Build.0 = Debug|Any CPU
		{55658EEF-783D-4104-9DAE-431CD7914DEC}.Release|Any CPU.ActiveCfg = Release|Any CPU
		{55658EEF-783D-4104-9DAE-431CD7914DEC}.Release|Any CPU.Build.0 = Release|Any CPU
	EndGlobalSection
	GlobalSection(SolutionProperties) = preSolution
		HideSolutionNode = FALSE
	EndGlobalSection
	GlobalSection(ExtensibilityGlobals) = postSolution
		SolutionGuid = {3D84C669-B10A-462D-9206-DDB58A4D0149}
	EndGlobalSection
EndGlobal
